
Microsoft Visual Studio Solution File, Format Version 12.00
# Visual Studio Version 17
VisualStudioVersion = 17.11.35222.181
MinimumVisualStudioVersion = 10.0.40219.1
Project("{FAE04EC0-301F-11D3-BF4B-00C04F79EFBC}") = "Helpme", "Helpme\Helpme.csproj", "{0273805D-4757-4DAF-A601-95A7BBD910BE}"
EndProject
Global
	GlobalSection(SolutionConfigurationPlatforms) = preSolution
		Debug|Any CPU = Debug|Any CPU
		Release|Any CPU = Release|Any CPU
	EndGlobalSection
	GlobalSection(ProjectConfigurationPlatforms) = postSolution
		{0273805D-4757-4DAF-A601-95A7BBD910BE}.Debug|Any CPU.ActiveCfg = Debug|Any CPU
		{0273805D-4757-4DAF-A601-95A7BBD910BE}.Debug|Any CPU.Build.0 = Debug|Any CPU
		{0273805D-4757-4DAF-A601-95A7BBD910BE}.Release|Any CPU.ActiveCfg = Release|Any CPU
		{0273805D-4757-4DAF-A601-95A7BBD910BE}.Release|Any CPU.Build.0 = Release|Any CPU
	EndGlobalSection
	GlobalSection(SolutionProperties) = preSolution
		HideSolutionNode = FALSE
	EndGlobalSection
	GlobalSection(ExtensibilityGlobals) = postSolution
		SolutionGuid = {BBA9173B-522B-4ED7-911D-F3659949DA69}
	EndGlobalSection
EndGlobal
